
Microsoft Visual Studio Solution File, Format Version 12.00
# Visual Studio Version 16
VisualStudioVersion = 16.0.29613.14
MinimumVisualStudioVersion = 10.0.40219.1
Project("{9A19103F-16F7-4668-BE54-9A1E7A4F7556}") = "Gudim.Algo", "Gudim.Algo\Gudim.Algo.csproj", "{D74A17A4-683C-45B1-ABE9-119618815347}"
EndProject
Project("{9A19103F-16F7-4668-BE54-9A1E7A4F7556}") = "Gudim.Algo.Tests", "Gudim.Algo.Tests\Gudim.Algo.Tests.csproj", "{B39FBFE7-D13D-4749-9DCA-B18B9F84A69F}"
EndProject
Global
	GlobalSection(SolutionConfigurationPlatforms) = preSolution
		Debug|Any CPU = Debug|Any CPU
		Release|Any CPU = Release|Any CPU
	EndGlobalSection
	GlobalSection(ProjectConfigurationPlatforms) = postSolution
		{D74A17A4-683C-45B1-ABE9-119618815347}.Debug|Any CPU.ActiveCfg = Debug|Any CPU
		{D74A17A4-683C-45B1-ABE9-119618815347}.Debug|Any CPU.Build.0 = Debug|Any CPU
		{D74A17A4-683C-45B1-ABE9-119618815347}.Release|Any CPU.ActiveCfg = Release|Any CPU
		{D74A17A4-683C-45B1-ABE9-119618815347}.Release|Any CPU.Build.0 = Release|Any CPU
		{B39FBFE7-D13D-4749-9DCA-B18B9F84A69F}.Debug|Any CPU.ActiveCfg = Debug|Any CPU
		{B39FBFE7-D13D-4749-9DCA-B18B9F84A69F}.Debug|Any CPU.Build.0 = Debug|Any CPU
		{B39FBFE7-D13D-4749-9DCA-B18B9F84A69F}.Release|Any CPU.ActiveCfg = Release|Any CPU
		{B39FBFE7-D13D-4749-9DCA-B18B9F84A69F}.Release|Any CPU.Build.0 = Release|Any CPU
	EndGlobalSection
	GlobalSection(SolutionProperties) = preSolution
		HideSolutionNode = FALSE
	EndGlobalSection
	GlobalSection(ExtensibilityGlobals) = postSolution
		SolutionGuid = {8B27AF9B-E0BD-491E-B5FD-7C8A1DD3F9C9}
	EndGlobalSection
EndGlobal
